
Microsoft Visual Studio Solution File, Format Version 12.00
# Visual Studio Version 17
VisualStudioVersion = 17.2.32526.322
MinimumVisualStudioVersion = 10.0.40219.1
Project("{FAE04EC0-301F-11D3-BF4B-00C04F79EFBC}") = "Players Guide", "Players Guide.csproj", "{DA91CC47-97A5-4CC0-8EF4-D6CF8EB95289}"
EndProject
Global
	GlobalSection(SolutionConfigurationPlatforms) = preSolution
		Debug|Any CPU = Debug|Any CPU
		Release|Any CPU = Release|Any CPU
	EndGlobalSection
	GlobalSection(ProjectConfigurationPlatforms) = postSolution
		{DA91CC47-97A5-4CC0-8EF4-D6CF8EB95289}.Debug|Any CPU.ActiveCfg = Debug|Any CPU
		{DA91CC47-97A5-4CC0-8EF4-D6CF8EB95289}.Debug|Any CPU.Build.0 = Debug|Any CPU
		{DA91CC47-97A5-4CC0-8EF4-D6CF8EB95289}.Release|Any CPU.ActiveCfg = Release|Any CPU
		{DA91CC47-97A5-4CC0-8EF4-D6CF8EB95289}.Release|Any CPU.Build.0 = Release|Any CPU
	EndGlobalSection
	GlobalSection(SolutionProperties) = preSolution
		HideSolutionNode = FALSE
	EndGlobalSection
	GlobalSection(ExtensibilityGlobals) = postSolution
		SolutionGuid = {AA803499-0053-46DC-89B2-6E173597DA75}
	EndGlobalSection
EndGlobal
